
Microsoft Visual Studio Solution File, Format Version 12.00
# Visual Studio Version 17
VisualStudioVersion = 17.9.34607.119
MinimumVisualStudioVersion = 10.0.40219.1
Project("{9A19103F-16F7-4668-BE54-9A1E7A4F7556}") = "Mybank", "Mybank\Mybank.csproj", "{29B3C595-8702-4A08-B37C-7DC148A33C21}"
EndProject
Project("{FAE04EC0-301F-11D3-BF4B-00C04F79EFBC}") = "TestProject1", "TestProject1\TestProject1.csproj", "{B1DC344D-D7DD-49CC-A754-87EDC5F9C896}"
EndProject
Global
	GlobalSection(SolutionConfigurationPlatforms) = preSolution
		Debug|Any CPU = Debug|Any CPU
		Release|Any CPU = Release|Any CPU
	EndGlobalSection
	GlobalSection(ProjectConfigurationPlatforms) = postSolution
		{29B3C595-8702-4A08-B37C-7DC148A33C21}.Debug|Any CPU.ActiveCfg = Debug|Any CPU
		{29B3C595-8702-4A08-B37C-7DC148A33C21}.Debug|Any CPU.Build.0 = Debug|Any CPU
		{29B3C595-8702-4A08-B37C-7DC148A33C21}.Release|Any CPU.ActiveCfg = Release|Any CPU
		{29B3C595-8702-4A08-B37C-7DC148A33C21}.Release|Any CPU.Build.0 = Release|Any CPU
		{B1DC344D-D7DD-49CC-A754-87EDC5F9C896}.Debug|Any CPU.ActiveCfg = Debug|Any CPU
		{B1DC344D-D7DD-49CC-A754-87EDC5F9C896}.Debug|Any CPU.Build.0 = Debug|Any CPU
		{B1DC344D-D7DD-49CC-A754-87EDC5F9C896}.Release|Any CPU.ActiveCfg = Release|Any CPU
		{B1DC344D-D7DD-49CC-A754-87EDC5F9C896}.Release|Any CPU.Build.0 = Release|Any CPU
	EndGlobalSection
	GlobalSection(SolutionProperties) = preSolution
		HideSolutionNode = FALSE
	EndGlobalSection
	GlobalSection(ExtensibilityGlobals) = postSolution
		SolutionGuid = {4FB5E3E9-66F5-46D9-885C-DFE2ED96BE35}
	EndGlobalSection
EndGlobal
